
Microsoft Visual Studio Solution File, Format Version 12.00
# Visual Studio Version 17
VisualStudioVersion = 17.1.32210.238
MinimumVisualStudioVersion = 10.0.40219.1
Project("{FAE04EC0-301F-11D3-BF4B-00C04F79EFBC}") = "SemesterWork.BookStore", "SemesterWork.BookStore\SemesterWork.BookStore.csproj", "{2A6B90EB-94B8-4B1A-8B83-724B88ED6952}"
EndProject
Global
	GlobalSection(SolutionConfigurationPlatforms) = preSolution
		Debug|Any CPU = Debug|Any CPU
		Release|Any CPU = Release|Any CPU
	EndGlobalSection
	GlobalSection(ProjectConfigurationPlatforms) = postSolution
		{2A6B90EB-94B8-4B1A-8B83-724B88ED6952}.Debug|Any CPU.ActiveCfg = Debug|Any CPU
		{2A6B90EB-94B8-4B1A-8B83-724B88ED6952}.Debug|Any CPU.Build.0 = Debug|Any CPU
		{2A6B90EB-94B8-4B1A-8B83-724B88ED6952}.Release|Any CPU.ActiveCfg = Release|Any CPU
		{2A6B90EB-94B8-4B1A-8B83-724B88ED6952}.Release|Any CPU.Build.0 = Release|Any CPU
	EndGlobalSection
	GlobalSection(SolutionProperties) = preSolution
		HideSolutionNode = FALSE
	EndGlobalSection
	GlobalSection(ExtensibilityGlobals) = postSolution
		SolutionGuid = {024C33ED-2D8E-4A9B-88BC-013C6AB81E51}
	EndGlobalSection
EndGlobal
